{
  "name": "web102-hono-auth-jwt-prisma-forked",
  "lockfileVersion": 3,
  "requires": true,
  "packages": {
    "": {
      "name": "web102-hono-auth-jwt-prisma-forked",
      "dependencies": {
        "@prisma/client": "^5.15.0",
        "bcryptjs": "^3.0.2",
        "hono": "^4.4.4"
      },
      "devDependencies": {
        "@types/bun": "latest",
        "prisma": "^5.15.0"
      }
    },
    "node_modules/@prisma/client": {
      "version": "5.15.0",
      "hasInstallScript": true,
      "license": "Apache-2.0",
      "engines": {
        "node": ">=16.13"
      },
      "peerDependencies": {
        "prisma": "*"
      },
      "peerDependenciesMeta": {
        "prisma": {
          "optional": true
        }
      }
    },
    "node_modules/@prisma/debug": {
      "version": "5.15.0",
      "devOptional": true,
      "license": "Apache-2.0"
    },
    "node_modules/@prisma/engines": {
      "version": "5.15.0",
      "devOptional": true,
      "hasInstallScript": true,
      "license": "Apache-2.0",
      "dependencies": {
        "@prisma/debug": "5.15.0",
        "@prisma/engines-version": "5.15.0-29.12e25d8d06f6ea5a0252864dd9a03b1bb51f3022",
        "@prisma/fetch-engine": "5.15.0",
        "@prisma/get-platform": "5.15.0"
      }
    },
    "node_modules/@prisma/engines-version": {
      "version": "5.15.0-29.12e25d8d06f6ea5a0252864dd9a03b1bb51f3022",
      "devOptional": true,
      "license": "Apache-2.0"
    },
    "node_modules/@prisma/fetch-engine": {
      "version": "5.15.0",
      "devOptional": true,
      "license": "Apache-2.0",
      "dependencies": {
        "@prisma/debug": "5.15.0",
        "@prisma/engines-version": "5.15.0-29.12e25d8d06f6ea5a0252864dd9a03b1bb51f3022",
        "@prisma/get-platform": "5.15.0"
      }
    },
    "node_modules/@prisma/get-platform": {
      "version": "5.15.0",
      "devOptional": true,
      "license": "Apache-2.0",
      "dependencies": {
        "@prisma/debug": "5.15.0"
      }
    },
    "node_modules/@types/bun": {
      "version": "1.2.10",
      "resolved": "https://registry.npmjs.org/@types/bun/-/bun-1.2.10.tgz",
      "integrity": "sha512-eilv6WFM3M0c9ztJt7/g80BDusK98z/FrFwseZgT4bXCq2vPhXD4z8R3oddmAn+R/Nmz9vBn4kweJKmGTZj+lg==",
      "dev": true,
      "license": "MIT",
      "dependencies": {
        "bun-types": "1.2.10"
      }
    },
    "node_modules/@types/node": {
      "version": "22.14.1",
      "resolved": "https://registry.npmjs.org/@types/node/-/node-22.14.1.tgz",
      "integrity": "sha512-u0HuPQwe/dHrItgHHpmw3N2fYCR6x4ivMNbPHRkBVP4CvN+kiRrKHWk3i8tXiO/joPwXLMYvF9TTF0eqgHIuOw==",
      "dev": true,
      "license": "MIT",
      "dependencies": {
        "undici-types": "~6.21.0"
      }
    },
    "node_modules/bcryptjs": {
      "version": "3.0.2",
      "resolved": "https://registry.npmjs.org/bcryptjs/-/bcryptjs-3.0.2.tgz",
      "integrity": "sha512-k38b3XOZKv60C4E2hVsXTolJWfkGRMbILBIe2IBITXciy5bOsTKot5kDrf3ZfufQtQOUN5mXceUEpU1rTl9Uog==",
      "license": "BSD-3-Clause",
      "bin": {
        "bcrypt": "bin/bcrypt"
      }
    },
    "node_modules/bun-types": {
      "version": "1.2.10",
      "resolved": "https://registry.npmjs.org/bun-types/-/bun-types-1.2.10.tgz",
      "integrity": "sha512-b5ITZMnVdf3m1gMvJHG+gIfeJHiQPJak0f7925Hxu6ZN5VKA8AGy4GZ4lM+Xkn6jtWxg5S3ldWvfmXdvnkp3GQ==",
      "dev": true,
      "license": "MIT",
      "dependencies": {
        "@types/node": "*"
      }
    },
    "node_modules/hono": {
      "version": "4.7.7",
      "resolved": "https://registry.npmjs.org/hono/-/hono-4.7.7.tgz",
      "integrity": "sha512-2PCpQRbN87Crty8/L/7akZN3UyZIAopSoRxCwRbJgUuV1+MHNFHzYFxZTg4v/03cXUm+jce/qa2VSBZpKBm3Qw==",
      "license": "MIT",
      "engines": {
        "node": ">=16.9.0"
      }
    },
    "node_modules/prisma": {
      "version": "5.15.0",
      "devOptional": true,
      "hasInstallScript": true,
      "license": "Apache-2.0",
      "dependencies": {
        "@prisma/engines": "5.15.0"
      },
      "bin": {
        "prisma": "build/index.js"
      },
      "engines": {
        "node": ">=16.13"
      }
    },
    "node_modules/undici-types": {
      "version": "6.21.0",
      "resolved": "https://registry.npmjs.org/undici-types/-/undici-types-6.21.0.tgz",
      "integrity": "sha512-iwDZqg0QAGrg9Rav5H4n0M64c3mkR59cJ6wQp+7C4nI0gsmExaedaYLNO44eT4AtBBwjbTiGPMlt2Md0T9H9JQ==",
      "dev": true,
      "license": "MIT"
    }
  }
}
